# THIS IS AN AUTOGENERATED FILE. DO NOT EDIT THIS FILE DIRECTLY.
# yarn lockfile v1


"@esbuild/win32-x64@0.25.2":
  version "0.25.2"
  resolved "https://registry.npmjs.org/@esbuild/win32-x64/-/win32-x64-0.25.2.tgz"
  integrity sha512-kM3HKb16VIXZyIeVrM1ygYmZBKybX8N4p754bw390wGO3Tf2j4L2/WYL+4suWujpgf6GBYs3jv7TyUivdd05JA==

"@rollup/rollup-win32-x64-msvc@4.39.0":
  version "4.39.0"
  resolved "https://registry.npmjs.org/@rollup/rollup-win32-x64-msvc/-/rollup-win32-x64-msvc-4.39.0.tgz"
  integrity sha512-yAkUOkIKZlK5dl7u6dg897doBgLXmUHhIINM2c+sND3DZwnrdQkkSiDh7N75Ll4mM4dxSkYfXqU9fW3lLkMFug==

"@tailwindcss/node@4.1.3":
  version "4.1.3"
  resolved "https://registry.npmjs.org/@tailwindcss/node/-/node-4.1.3.tgz"
  integrity sha512-H/6r6IPFJkCfBJZ2dKZiPJ7Ueb2wbL592+9bQEl2r73qbX6yGnmQVIfiUvDRB2YI0a3PWDrzUwkvQx1XW1bNkA==
  dependencies:
    enhanced-resolve "^5.18.1"
    jiti "^2.4.2"
    lightningcss "1.29.2"
    tailwindcss "4.1.3"

"@tailwindcss/oxide-win32-x64-msvc@4.1.3":
  version "4.1.3"
  resolved "https://registry.npmjs.org/@tailwindcss/oxide-win32-x64-msvc/-/oxide-win32-x64-msvc-4.1.3.tgz"
  integrity sha512-T8gfxECWDBENotpw3HR9SmNiHC9AOJdxs+woasRZ8Q/J4VHN0OMs7F+4yVNZ9EVN26Wv6mZbK0jv7eHYuLJLwA==

"@tailwindcss/oxide@4.1.3":
  version "4.1.3"
  resolved "https://registry.npmjs.org/@tailwindcss/oxide/-/oxide-4.1.3.tgz"
  integrity sha512-t16lpHCU7LBxDe/8dCj9ntyNpXaSTAgxWm1u2XQP5NiIu4KGSyrDJJRlK9hJ4U9yJxx0UKCVI67MJWFNll5mOQ==
  optionalDependencies:
    "@tailwindcss/oxide-android-arm64" "4.1.3"
    "@tailwindcss/oxide-darwin-arm64" "4.1.3"
    "@tailwindcss/oxide-darwin-x64" "4.1.3"
    "@tailwindcss/oxide-freebsd-x64" "4.1.3"
    "@tailwindcss/oxide-linux-arm-gnueabihf" "4.1.3"
    "@tailwindcss/oxide-linux-arm64-gnu" "4.1.3"
    "@tailwindcss/oxide-linux-arm64-musl" "4.1.3"
    "@tailwindcss/oxide-linux-x64-gnu" "4.1.3"
    "@tailwindcss/oxide-linux-x64-musl" "4.1.3"
    "@tailwindcss/oxide-win32-arm64-msvc" "4.1.3"
    "@tailwindcss/oxide-win32-x64-msvc" "4.1.3"

"@tailwindcss/vite@^4.1.3":
  version "4.1.3"
  resolved "https://registry.npmjs.org/@tailwindcss/vite/-/vite-4.1.3.tgz"
  integrity sha512-lUI/QaDxLtlV52Lho6pu07CG9pSnRYLOPmKGIQjyHdTBagemc6HmgZxyjGAQ/5HMPrNeWBfTVIpQl0/jLXvWHQ==
  dependencies:
    "@tailwindcss/node" "4.1.3"
    "@tailwindcss/oxide" "4.1.3"
    tailwindcss "4.1.3"

"@types/estree@1.0.7":
  version "1.0.7"
  resolved "https://registry.npmjs.org/@types/estree/-/estree-1.0.7.tgz"
  integrity sha512-w28IoSUCJpidD/TGviZwwMJckNESJZXFu7NBZ5YJ4mEUnNraUn9Pm8HSZm/jDF1pDWYKspWE7oVphigUPRakIQ==

detect-libc@^2.0.3:
  version "2.0.3"
  resolved "https://registry.npmjs.org/detect-libc/-/detect-libc-2.0.3.tgz"
  integrity sha512-bwy0MGW55bG41VqxxypOsdSdGqLwXPI/focwgTYCFMbdUiBAxLg9CFzG08sz2aqzknwiX7Hkl0bQENjg8iLByw==

enhanced-resolve@^5.18.1:
  version "5.18.1"
  resolved "https://registry.npmjs.org/enhanced-resolve/-/enhanced-resolve-5.18.1.tgz"
  integrity sha512-ZSW3ma5GkcQBIpwZTSRAI8N71Uuwgs93IezB7mf7R60tC8ZbJideoDNKjHn2O9KIlx6rkGTTEk1xUCK2E1Y2Yg==
  dependencies:
    graceful-fs "^4.2.4"
    tapable "^2.2.0"

esbuild@^0.25.0:
  version "0.25.2"
  resolved "https://registry.npmjs.org/esbuild/-/esbuild-0.25.2.tgz"
  integrity sha512-16854zccKPnC+toMywC+uKNeYSv+/eXkevRAfwRD/G9Cleq66m8XFIrigkbvauLLlCfDL45Q2cWegSg53gGBnQ==
  optionalDependencies:
    "@esbuild/aix-ppc64" "0.25.2"
    "@esbuild/android-arm" "0.25.2"
    "@esbuild/android-arm64" "0.25.2"
    "@esbuild/android-x64" "0.25.2"
    "@esbuild/darwin-arm64" "0.25.2"
    "@esbuild/darwin-x64" "0.25.2"
    "@esbuild/freebsd-arm64" "0.25.2"
    "@esbuild/freebsd-x64" "0.25.2"
    "@esbuild/linux-arm" "0.25.2"
    "@esbuild/linux-arm64" "0.25.2"
    "@esbuild/linux-ia32" "0.25.2"
    "@esbuild/linux-loong64" "0.25.2"
    "@esbuild/linux-mips64el" "0.25.2"
    "@esbuild/linux-ppc64" "0.25.2"
    "@esbuild/linux-riscv64" "0.25.2"
    "@esbuild/linux-s390x" "0.25.2"
    "@esbuild/linux-x64" "0.25.2"
    "@esbuild/netbsd-arm64" "0.25.2"
    "@esbuild/netbsd-x64" "0.25.2"
    "@esbuild/openbsd-arm64" "0.25.2"
    "@esbuild/openbsd-x64" "0.25.2"
    "@esbuild/sunos-x64" "0.25.2"
    "@esbuild/win32-arm64" "0.25.2"
    "@esbuild/win32-ia32" "0.25.2"
    "@esbuild/win32-x64" "0.25.2"

graceful-fs@^4.2.4:
  version "4.2.11"
  resolved "https://registry.npmjs.org/graceful-fs/-/graceful-fs-4.2.11.tgz"
  integrity sha512-RbJ5/jmFcNNCcDV5o9eTnBLJ/HszWV0P73bc+Ff4nS/rJj+YaS6IGyiOL0VoBYX+l1Wrl3k63h/KrH+nhJ0XvQ==

gsap@^3.12.7:
  version "3.12.7"
  resolved "https://registry.npmjs.org/gsap/-/gsap-3.12.7.tgz"
  integrity sha512-V4GsyVamhmKefvcAKaoy0h6si0xX7ogwBoBSs2CTJwt7luW0oZzC0LhdkyuKV8PJAXr7Yaj8pMjCKD4GJ+eEMg==

jiti@^2.4.2, jiti@>=1.21.0:
  version "2.4.2"
  resolved "https://registry.npmjs.org/jiti/-/jiti-2.4.2.tgz"
  integrity sha512-rg9zJN+G4n2nfJl5MW3BMygZX56zKPNVEYYqq7adpmMh4Jn2QNEwhvQlFy6jPVdcod7txZtKHWnyZiA3a0zP7A==

lightningcss-win32-x64-msvc@1.29.2:
  version "1.29.2"
  resolved "https://registry.npmjs.org/lightningcss-win32-x64-msvc/-/lightningcss-win32-x64-msvc-1.29.2.tgz"
  integrity sha512-EdIUW3B2vLuHmv7urfzMI/h2fmlnOQBk1xlsDxkN1tCWKjNFjfLhGxYk8C8mzpSfr+A6jFFIi8fU6LbQGsRWjA==

lightningcss@^1.21.0, lightningcss@1.29.2:
  version "1.29.2"
  resolved "https://registry.npmjs.org/lightningcss/-/lightningcss-1.29.2.tgz"
  integrity sha512-6b6gd/RUXKaw5keVdSEtqFVdzWnU5jMxTUjA2bVcMNPLwSQ08Sv/UodBVtETLCn7k4S1Ibxwh7k68IwLZPgKaA==
  dependencies:
    detect-libc "^2.0.3"
  optionalDependencies:
    lightningcss-darwin-arm64 "1.29.2"
    lightningcss-darwin-x64 "1.29.2"
    lightningcss-freebsd-x64 "1.29.2"
    lightningcss-linux-arm-gnueabihf "1.29.2"
    lightningcss-linux-arm64-gnu "1.29.2"
    lightningcss-linux-arm64-musl "1.29.2"
    lightningcss-linux-x64-gnu "1.29.2"
    lightningcss-linux-x64-musl "1.29.2"
    lightningcss-win32-arm64-msvc "1.29.2"
    lightningcss-win32-x64-msvc "1.29.2"

lil-gui@^0.20.0:
  version "0.20.0"
  resolved "https://registry.npmjs.org/lil-gui/-/lil-gui-0.20.0.tgz"
  integrity sha512-k7Ipr0ztqslMA2XvM5z5ZaWhxQtnEOwJBfI/hmSuRh6q4iMG9L0boqqrnZSzBR1jzyJ28OMl47l65ILzRe1TdA==

nanoid@^3.3.8:
  version "3.3.11"
  resolved "https://registry.npmjs.org/nanoid/-/nanoid-3.3.11.tgz"
  integrity sha512-N8SpfPUnUp1bK+PMYW8qSWdl9U+wwNWI4QKxOYDy9JAro3WMX7p2OeVRF9v+347pnakNevPmiHhNmZ2HbFA76w==

picocolors@^1.1.1:
  version "1.1.1"
  resolved "https://registry.npmjs.org/picocolors/-/picocolors-1.1.1.tgz"
  integrity sha512-xceH2snhtb5M9liqDsmEw56le376mTZkEX/jEb/RxNFyegNul7eNslCXP9FDj/Lcu0X8KEyMceP2ntpaHrDEVA==

postcss@^8.5.3:
  version "8.5.3"
  resolved "https://registry.npmjs.org/postcss/-/postcss-8.5.3.tgz"
  integrity sha512-dle9A3yYxlBSrt8Fu+IpjGT8SY8hN0mlaA6GY8t0P5PjIOZemULz/E2Bnm/2dcUOena75OTNkHI76uZBNUUq3A==
  dependencies:
    nanoid "^3.3.8"
    picocolors "^1.1.1"
    source-map-js "^1.2.1"

rollup@^4.30.1:
  version "4.39.0"
  resolved "https://registry.npmjs.org/rollup/-/rollup-4.39.0.tgz"
  integrity sha512-thI8kNc02yNvnmJp8dr3fNWJ9tCONDhp6TV35X6HkKGGs9E6q7YWCHbe5vKiTa7TAiNcFEmXKj3X/pG2b3ci0g==
  dependencies:
    "@types/estree" "1.0.7"
  optionalDependencies:
    "@rollup/rollup-android-arm-eabi" "4.39.0"
    "@rollup/rollup-android-arm64" "4.39.0"
    "@rollup/rollup-darwin-arm64" "4.39.0"
    "@rollup/rollup-darwin-x64" "4.39.0"
    "@rollup/rollup-freebsd-arm64" "4.39.0"
    "@rollup/rollup-freebsd-x64" "4.39.0"
    "@rollup/rollup-linux-arm-gnueabihf" "4.39.0"
    "@rollup/rollup-linux-arm-musleabihf" "4.39.0"
    "@rollup/rollup-linux-arm64-gnu" "4.39.0"
    "@rollup/rollup-linux-arm64-musl" "4.39.0"
    "@rollup/rollup-linux-loongarch64-gnu" "4.39.0"
    "@rollup/rollup-linux-powerpc64le-gnu" "4.39.0"
    "@rollup/rollup-linux-riscv64-gnu" "4.39.0"
    "@rollup/rollup-linux-riscv64-musl" "4.39.0"
    "@rollup/rollup-linux-s390x-gnu" "4.39.0"
    "@rollup/rollup-linux-x64-gnu" "4.39.0"
    "@rollup/rollup-linux-x64-musl" "4.39.0"
    "@rollup/rollup-win32-arm64-msvc" "4.39.0"
    "@rollup/rollup-win32-ia32-msvc" "4.39.0"
    "@rollup/rollup-win32-x64-msvc" "4.39.0"
    fsevents "~2.3.2"

source-map-js@^1.2.1:
  version "1.2.1"
  resolved "https://registry.npmjs.org/source-map-js/-/source-map-js-1.2.1.tgz"
  integrity sha512-UXWMKhLOwVKb728IUtQPXxfYU+usdybtUrK/8uGE8CQMvrhOpwvzDBwj0QhSL7MQc7vIsISBG8VQ8+IDQxpfQA==

tailwindcss@^4.1.3, tailwindcss@4.1.3:
  version "4.1.3"
  resolved "https://registry.npmjs.org/tailwindcss/-/tailwindcss-4.1.3.tgz"
  integrity sha512-2Q+rw9vy1WFXu5cIxlvsabCwhU2qUwodGq03ODhLJ0jW4ek5BUtoCsnLB0qG+m8AHgEsSJcJGDSDe06FXlP74g==

tapable@^2.2.0:
  version "2.2.1"
  resolved "https://registry.npmjs.org/tapable/-/tapable-2.2.1.tgz"
  integrity sha512-GNzQvQTOIP6RyTfE2Qxb8ZVlNmw0n88vp1szwWRimP02mnTsx3Wtn5qRdqY9w2XduFNUgvOwhNnQsjwCp+kqaQ==

three@^0.175.0:
  version "0.175.0"
  resolved "https://registry.npmjs.org/three/-/three-0.175.0.tgz"
  integrity sha512-nNE3pnTHxXN/Phw768u0Grr7W4+rumGg/H6PgeseNJojkJtmeHJfZWi41Gp2mpXl1pg1pf1zjwR4McM1jTqkpg==

"vite@^5.2.0 || ^6", vite@^6.2.0:
  version "6.2.6"
  resolved "https://registry.npmjs.org/vite/-/vite-6.2.6.tgz"
  integrity sha512-9xpjNl3kR4rVDZgPNdTL0/c6ao4km69a/2ihNQbcANz8RuCOK3hQBmLSJf3bRKVQjVMda+YvizNE8AwvogcPbw==
  dependencies:
    esbuild "^0.25.0"
    postcss "^8.5.3"
    rollup "^4.30.1"
  optionalDependencies:
    fsevents "~2.3.3"
